// !$*UTF8*$!
{
	archiveVersion = 1;
	classes = {
	};
	objectVersion = 50;
	objects = {

/* Begin PBXBuildFile section */
		4061DAEB21AEA22500B83814 /* AppDelegate.swift in Sources */ = {isa = PBXBuildFile; fileRef = 4061DAEA21AEA22500B83814 /* AppDelegate.swift */; };
		4061DAED21AEA22500B83814 /* LoginPageController.swift in Sources */ = {isa = PBXBuildFile; fileRef = 4061DAEC21AEA22500B83814 /* LoginPageController.swift */; };
		4061DAF021AEA22500B83814 /* Main.storyboard in Resources */ = {isa = PBXBuildFile; fileRef = 4061DAEE21AEA22500B83814 /* Main.storyboard */; };
		4061DAF221AEA22700B83814 /* Assets.xcassets in Resources */ = {isa = PBXBuildFile; fileRef = 4061DAF121AEA22700B83814 /* Assets.xcassets */; };
		4061DAF521AEA22700B83814 /* LaunchScreen.storyboard in Resources */ = {isa = PBXBuildFile; fileRef = 4061DAF321AEA22700B83814 /* LaunchScreen.storyboard */; };
		4061DB0021AEA22700B83814 /* WatermelonTests.swift in Sources */ = {isa = PBXBuildFile; fileRef = 4061DAFF21AEA22700B83814 /* WatermelonTests.swift */; };
		4061DB0B21AEA22700B83814 /* WatermelonUITests.swift in Sources */ = {isa = PBXBuildFile; fileRef = 4061DB0A21AEA22700B83814 /* WatermelonUITests.swift */; };
		40EA6F0321B699D300ADE24D /* ViewControllerEventManagerController.swift in Sources */ = {isa = PBXBuildFile; fileRef = 40EA6F0221B699D300ADE24D /* ViewControllerEventManagerController.swift */; };
/* End PBXBuildFile section */

/* Begin PBXContainerItemProxy section */
		4061DAFC21AEA22700B83814 /* PBXContainerItemProxy */ = {
			isa = PBXContainerItemProxy;
			containerPortal = 4061DADF21AEA22500B83814 /* Project object */;
			proxyType = 1;
			remoteGlobalIDString = 4061DAE621AEA22500B83814;
			remoteInfo = Watermelon;
		};
		4061DB0721AEA22700B83814 /* PBXContainerItemProxy */ = {
			isa = PBXContainerItemProxy;
			containerPortal = 4061DADF21AEA22500B83814 /* Project object */;
			proxyType = 1;
			remoteGlobalIDString = 4061DAE621AEA22500B83814;
			remoteInfo = Watermelon;
		};
/* End PBXContainerItemProxy section */

/* Begin PBXFileReference section */
		4061DAE721AEA22500B83814 /* Watermelon.app */ = {isa = PBXFileReference; explicitFileType = wrapper.application; includeInIndex = 0; path = Watermelon.app; sourceTree = BUILT_PRODUCTS_DIR; };
		4061DAEA21AEA22500B83814 /* AppDelegate.swift */ = {isa = PBXFileReference; lastKnownFileType = sourcecode.swift; path = AppDelegate.swift; sourceTree = "<group>"; };
		4061DAEC21AEA22500B83814 /* LoginPageController.swift */ = {isa = PBXFileReference; lastKnownFileType = sourcecode.swift; path = LoginPageController.swift; sourceTree = "<group>"; };
		4061DAEF21AEA22500B83814 /* Base */ = {isa = PBXFileReference; lastKnownFileType = file.storyboard; name = Base; path = Base.lproj/Main.storyboard; sourceTree = "<group>"; };
		4061DAF121AEA22700B83814 /* Assets.xcassets */ = {isa = PBXFileReference; lastKnownFileType = folder.assetcatalog; path = Assets.xcassets; sourceTree = "<group>"; };
		4061DAF421AEA22700B83814 /* Base */ = {isa = PBXFileReference; lastKnownFileType = file.storyboard; name = Base; path = Base.lproj/LaunchScreen.storyboard; sourceTree = "<group>"; };
		4061DAF621AEA22700B83814 /* Info.plist */ = {isa = PBXFileReference; lastKnownFileType = text.plist.xml; path = Info.plist; sourceTree = "<group>"; };
		4061DAFB21AEA22700B83814 /* WatermelonTests.xctest */ = {isa = PBXFileReference; explicitFileType = wrapper.cfbundle; includeInIndex = 0; path = WatermelonTests.xctest; sourceTree = BUILT_PRODUCTS_DIR; };
		4061DAFF21AEA22700B83814 /* WatermelonTests.swift */ = {isa = PBXFileReference; lastKnownFileType = sourcecode.swift; path = WatermelonTests.swift; sourceTree = "<group>"; };
		4061DB0121AEA22700B83814 /* Info.plist */ = {isa = PBXFileReference; lastKnownFileType = text.plist.xml; path = Info.plist; sourceTree = "<group>"; };
		4061DB0621AEA22700B83814 /* WatermelonUITests.xctest */ = {isa = PBXFileReference; explicitFileType = wrapper.cfbundle; includeInIndex = 0; path = WatermelonUITests.xctest; sourceTree = BUILT_PRODUCTS_DIR; };
		4061DB0A21AEA22700B83814 /* WatermelonUITests.swift */ = {isa = PBXFileReference; lastKnownFileType = sourcecode.swift; path = WatermelonUITests.swift; sourceTree = "<group>"; };
		4061DB0C21AEA22700B83814 /* Info.plist */ = {isa = PBXFileReference; lastKnownFileType = text.plist.xml; path = Info.plist; sourceTree = "<group>"; };
		40EA6F0221B699D300ADE24D /* ViewControllerEventManagerController.swift */ = {isa = PBXFileReference; lastKnownFileType = sourcecode.swift; path = ViewControllerEventManagerController.swift; sourceTree = "<group>"; };
/* End PBXFileReference section */

/* Begin PBXFrameworksBuildPhase section */
		4061DAE421AEA22500B83814 /* Frameworks */ = {
			isa = PBXFrameworksBuildPhase;
			buildActionMask = 2147483647;
			files = (
			);
			runOnlyForDeploymentPostprocessing = 0;
		};
		4061DAF821AEA22700B83814 /* Frameworks */ = {
			isa = PBXFrameworksBuildPhase;
			buildActionMask = 2147483647;
			files = (
			);
			runOnlyForDeploymentPostprocessing = 0;
		};
		4061DB0321AEA22700B83814 /* Frameworks */ = {
			isa = PBXFrameworksBuildPhase;
			buildActionMask = 2147483647;
			files = (
			);
			runOnlyForDeploymentPostprocessing = 0;
		};
/* End PBXFrameworksBuildPhase section */

/* Begin PBXGroup section */
		4061DADE21AEA22500B83814 = {
			isa = PBXGroup;
			children = (
				4061DAE921AEA22500B83814 /* Watermelon */,
				4061DAFE21AEA22700B83814 /* WatermelonTests */,
				4061DB0921AEA22700B83814 /* WatermelonUITests */,
				4061DAE821AEA22500B83814 /* Products */,
			);
			sourceTree = "<group>";
		};
		4061DAE821AEA22500B83814 /* Products */ = {
			isa = PBXGroup;
			children = (
				4061DAE721AEA22500B83814 /* Watermelon.app */,
				4061DAFB21AEA22700B83814 /* WatermelonTests.xctest */,
				4061DB0621AEA22700B83814 /* WatermelonUITests.xctest */,
			);
			name = Products;
			sourceTree = "<group>";
		};
		4061DAE921AEA22500B83814 /* Watermelon */ = {
			isa = PBXGroup;
			children = (
				40EA6EFF21B67EE000ADE24D /* Controller */,
				40EA6EFE21B67ED500ADE24D /* Model */,
				4061DAEA21AEA22500B83814 /* AppDelegate.swift */,
				4061DAEE21AEA22500B83814 /* Main.storyboard */,
				4061DAF121AEA22700B83814 /* Assets.xcassets */,
				4061DAF321AEA22700B83814 /* LaunchScreen.storyboard */,
				4061DAF621AEA22700B83814 /* Info.plist */,
			);
			path = Watermelon;
			sourceTree = "<group>";
		};
		4061DAFE21AEA22700B83814 /* WatermelonTests */ = {
			isa = PBXGroup;
			children = (
				4061DAFF21AEA22700B83814 /* WatermelonTests.swift */,
				4061DB0121AEA22700B83814 /* Info.plist */,
			);
			path = WatermelonTests;
			sourceTree = "<group>";
		};
		4061DB0921AEA22700B83814 /* WatermelonUITests */ = {
			isa = PBXGroup;
			children = (
				4061DB0A21AEA22700B83814 /* WatermelonUITests.swift */,
				4061DB0C21AEA22700B83814 /* Info.plist */,
			);
			path = WatermelonUITests;
			sourceTree = "<group>";
		};
		40EA6EFE21B67ED500ADE24D /* Model */ = {
			isa = PBXGroup;
			children = (
			);
			path = Model;
			sourceTree = "<group>";
		};
		40EA6EFF21B67EE000ADE24D /* Controller */ = {
			isa = PBXGroup;
			children = (
				40EA6F0121B699A500ADE24D /* EventManagementPage */,
				40EA6F0021B6994600ADE24D /* LoginPage */,
			);
			path = Controller;
			sourceTree = "<group>";
		};
		40EA6F0021B6994600ADE24D /* LoginPage */ = {
			isa = PBXGroup;
			children = (
				4061DAEC21AEA22500B83814 /* LoginPageController.swift */,
			);
			path = LoginPage;
			sourceTree = "<group>";
		};
		40EA6F0121B699A500ADE24D /* EventManagementPage */ = {
			isa = PBXGroup;
			children = (
				40EA6F0221B699D300ADE24D /* ViewControllerEventManagerController.swift */,
			);
			path = EventManagementPage;
			sourceTree = "<group>";
		};
/* End PBXGroup section */

/* Begin PBXNativeTarget section */
		4061DAE621AEA22500B83814 /* Watermelon */ = {
			isa = PBXNativeTarget;
			buildConfigurationList = 4061DB0F21AEA22700B83814 /* Build configuration list for PBXNativeTarget "Watermelon" */;
			buildPhases = (
				4061DAE321AEA22500B83814 /* Sources */,
				4061DAE421AEA22500B83814 /* Frameworks */,
				4061DAE521AEA22500B83814 /* Resources */,
			);
			buildRules = (
			);
			dependencies = (
			);
			name = Watermelon;
			productName = Watermelon;
			productReference = 4061DAE721AEA22500B83814 /* Watermelon.app */;
			productType = "com.apple.product-type.application";
		};
		4061DAFA21AEA22700B83814 /* WatermelonTests */ = {
			isa = PBXNativeTarget;
			buildConfigurationList = 4061DB1221AEA22700B83814 /* Build configuration list for PBXNativeTarget "WatermelonTests" */;
			buildPhases = (
				4061DAF721AEA22700B83814 /* Sources */,
				4061DAF821AEA22700B83814 /* Frameworks */,
				4061DAF921AEA22700B83814 /* Resources */,
			);
			buildRules = (
			);
			dependencies = (
				4061DAFD21AEA22700B83814 /* PBXTargetDependency */,
			);
			name = WatermelonTests;
			productName = WatermelonTests;
			productReference = 4061DAFB21AEA22700B83814 /* WatermelonTests.xctest */;
			productType = "com.apple.product-type.bundle.unit-test";
		};
		4061DB0521AEA22700B83814 /* WatermelonUITests */ = {
			isa = PBXNativeTarget;
			buildConfigurationList = 4061DB1521AEA22700B83814 /* Build configuration list for PBXNativeTarget "WatermelonUITests" */;
			buildPhases = (
				4061DB0221AEA22700B83814 /* Sources */,
				4061DB0321AEA22700B83814 /* Frameworks */,
				4061DB0421AEA22700B83814 /* Resources */,
			);
			buildRules = (
			);
			dependencies = (
				4061DB0821AEA22700B83814 /* PBXTargetDependency */,
			);
			name = WatermelonUITests;
			productName = WatermelonUITests;
			productReference = 4061DB0621AEA22700B83814 /* WatermelonUITests.xctest */;
			productType = "com.apple.product-type.bundle.ui-testing";
		};
/* End PBXNativeTarget section */

/* Begin PBXProject section */
		4061DADF21AEA22500B83814 /* Project object */ = {
			isa = PBXProject;
			attributes = {
				LastSwiftUpdateCheck = 1010;
				LastUpgradeCheck = 1010;
				ORGANIZATIONNAME = "Paul Rouillard";
				TargetAttributes = {
					4061DAE621AEA22500B83814 = {
						CreatedOnToolsVersion = 10.1;
					};
					4061DAFA21AEA22700B83814 = {
						CreatedOnToolsVersion = 10.1;
						TestTargetID = 4061DAE621AEA22500B83814;
					};
					4061DB0521AEA22700B83814 = {
						CreatedOnToolsVersion = 10.1;
						TestTargetID = 4061DAE621AEA22500B83814;
					};
				};
			};
			buildConfigurationList = 4061DAE221AEA22500B83814 /* Build configuration list for PBXProject "Watermelon" */;
			compatibilityVersion = "Xcode 9.3";
			developmentRegion = en;
			hasScannedForEncodings = 0;
			knownRegions = (
				en,
				Base,
			);
			mainGroup = 4061DADE21AEA22500B83814;
			productRefGroup = 4061DAE821AEA22500B83814 /* Products */;
			projectDirPath = "";
			projectRoot = "";
			targets = (
				4061DAE621AEA22500B83814 /* Watermelon */,
				4061DAFA21AEA22700B83814 /* WatermelonTests */,
				4061DB0521AEA22700B83814 /* WatermelonUITests */,
			);
		};
/* End PBXProject section */

/* Begin PBXResourcesBuildPhase section */
		4061DAE521AEA22500B83814 /* Resources */ = {
			isa = PBXResourcesBuildPhase;
			buildActionMask = 2147483647;
			files = (
				4061DAF521AEA22700B83814 /* LaunchScreen.storyboard in Resources */,
				4061DAF221AEA22700B83814 /* Assets.xcassets in Resources */,
				4061DAF021AEA22500B83814 /* Main.storyboard in Resources */,
			);
			runOnlyForDeploymentPostprocessing = 0;
		};
		4061DAF921AEA22700B83814 /* Resources */ = {
			isa = PBXResourcesBuildPhase;
			buildActionMask = 2147483647;
			files = (
			);
			runOnlyForDeploymentPostprocessing = 0;
		};
		4061DB0421AEA22700B83814 /* Resources */ = {
			isa = PBXResourcesBuildPhase;
			buildActionMask = 2147483647;
			files = (
			);
			runOnlyForDeploymentPostprocessing = 0;
		};
/* End PBXResourcesBuildPhase section */

/* Begin PBXSourcesBuildPhase section */
		4061DAE321AEA22500B83814 /* Sources */ = {
			isa = PBXSourcesBuildPhase;
			buildActionMask = 2147483647;
			files = (
				40EA6F0321B699D300ADE24D /* ViewControllerEventManagerController.swift in Sources */,
				4061DAED21AEA22500B83814 /* LoginPageController.swift in Sources */,
				4061DAEB21AEA22500B83814 /* AppDelegate.swift in Sources */,
			);
			runOnlyForDeploymentPostprocessing = 0;
		};
		4061DAF721AEA22700B83814 /* Sources */ = {
			isa = PBXSourcesBuildPhase;
			buildActionMask = 2147483647;
			files = (
				4061DB0021AEA22700B83814 /* WatermelonTests.swift in Sources */,
			);
			runOnlyForDeploymentPostprocessing = 0;
		};
		4061DB0221AEA22700B83814 /* Sources */ = {
			isa = PBXSourcesBuildPhase;
			buildActionMask = 2147483647;
			files = (
				4061DB0B21AEA22700B83814 /* WatermelonUITests.swift in Sources */,
			);
			runOnlyForDeploymentPostprocessing = 0;
		};
/* End PBXSourcesBuildPhase section */

/* Begin PBXTargetDependency section */
		4061DAFD21AEA22700B83814 /* PBXTargetDependency */ = {
			isa = PBXTargetDependency;
			target = 4061DAE621AEA22500B83814 /* Watermelon */;
			targetProxy = 4061DAFC21AEA22700B83814 /* PBXContainerItemProxy */;
		};
		4061DB0821AEA22700B83814 /* PBXTargetDependency */ = {
			isa = PBXTargetDependency;
			target = 4061DAE621AEA22500B83814 /* Watermelon */;
			targetProxy = 4061DB0721AEA22700B83814 /* PBXContainerItemProxy */;
		};
/* End PBXTargetDependency section */

/* Begin PBXVariantGroup section */
		4061DAEE21AEA22500B83814 /* Main.storyboard */ = {
			isa = PBXVariantGroup;
			children = (
				4061DAEF21AEA22500B83814 /* Base */,
			);
			name = Main.storyboard;
			sourceTree = "<group>";
		};
		4061DAF321AEA22700B83814 /* LaunchScreen.storyboard */ = {
			isa = PBXVariantGroup;
			children = (
				4061DAF421AEA22700B83814 /* Base */,
			);
			name = LaunchScreen.storyboard;
			sourceTree = "<group>";
		};
/* End PBXVariantGroup section */

/* Begin XCBuildConfiguration section */
		4061DB0D21AEA22700B83814 /* Debug */ = {
			isa = XCBuildConfiguration;
			buildSettings = {
				ALWAYS_SEARCH_USER_PATHS = NO;
				CLANG_ANALYZER_NONNULL = YES;
				CLANG_ANALYZER_NUMBER_OBJECT_CONVERSION = YES_AGGRESSIVE;
				CLANG_CXX_LANGUAGE_STANDARD = "gnu++14";
				CLANG_CXX_LIBRARY = "libc++";
				CLANG_ENABLE_MODULES = YES;
				CLANG_ENABLE_OBJC_ARC = YES;
				CLANG_ENABLE_OBJC_WEAK = YES;
				CLANG_WARN_BLOCK_CAPTURE_AUTORELEASING = YES;
				CLANG_WARN_BOOL_CONVERSION = YES;
				CLANG_WARN_COMMA = YES;
				CLANG_WARN_CONSTANT_CONVERSION = YES;
				CLANG_WARN_DEPRECATED_OBJC_IMPLEMENTATIONS = YES;
				CLANG_WARN_DIRECT_OBJC_ISA_USAGE = YES_ERROR;
				CLANG_WARN_DOCUMENTATION_COMMENTS = YES;
				CLANG_WARN_EMPTY_BODY = YES;
				CLANG_WARN_ENUM_CONVERSION = YES;
				CLANG_WARN_INFINITE_RECURSION = YES;
				CLANG_WARN_INT_CONVERSION = YES;
				CLANG_WARN_NON_LITERAL_NULL_CONVERSION = YES;
				CLANG_WARN_OBJC_IMPLICIT_RETAIN_SELF = YES;
				CLANG_WARN_OBJC_LITERAL_CONVERSION = YES;
				CLANG_WARN_OBJC_ROOT_CLASS = YES_ERROR;
				CLANG_WARN_RANGE_LOOP_ANALYSIS = YES;
				CLANG_WARN_STRICT_PROTOTYPES = YES;
				CLANG_WARN_SUSPICIOUS_MOVE = YES;
				CLANG_WARN_UNGUARDED_AVAILABILITY = YES_AGGRESSIVE;
				CLANG_WARN_UNREACHABLE_CODE = YES;
				CLANG_WARN__DUPLICATE_METHOD_MATCH = YES;
				CODE_SIGN_IDENTITY = "iPhone Developer";
				COPY_PHASE_STRIP = NO;
				DEBUG_INFORMATION_FORMAT = dwarf;
				ENABLE_STRICT_OBJC_MSGSEND = YES;
				ENABLE_TESTABILITY = YES;
				GCC_C_LANGUAGE_STANDARD = gnu11;
				GCC_DYNAMIC_NO_PIC = NO;
				GCC_NO_COMMON_BLOCKS = YES;
				GCC_OPTIMIZATION_LEVEL = 0;
				GCC_PREPROCESSOR_DEFINITIONS = (
					"DEBUG=1",
					"$(inherited)",
				);
				GCC_WARN_64_TO_32_BIT_CONVERSION = YES;
				GCC_WARN_ABOUT_RETURN_TYPE = YES_ERROR;
				GCC_WARN_UNDECLARED_SELECTOR = YES;
				GCC_WARN_UNINITIALIZED_AUTOS = YES_AGGRESSIVE;
				GCC_WARN_UNUSED_FUNCTION = YES;
				GCC_WARN_UNUSED_VARIABLE = YES;
				IPHONEOS_DEPLOYMENT_TARGET = 12.1;
				MTL_ENABLE_DEBUG_INFO = INCLUDE_SOURCE;
				MTL_FAST_MATH = YES;
				ONLY_ACTIVE_ARCH = YES;
				SDKROOT = iphoneos;
				SWIFT_ACTIVE_COMPILATION_CONDITIONS = DEBUG;
				SWIFT_OPTIMIZATION_LEVEL = "-Onone";
			};
			name = Debug;
		};
		4061DB0E21AEA22700B83814 /* Release */ = {
			isa = XCBuildConfiguration;
			buildSettings = {
				ALWAYS_SEARCH_USER_PATHS = NO;
				CLANG_ANALYZER_NONNULL = YES;
				CLANG_ANALYZER_NUMBER_OBJECT_CONVERSION = YES_AGGRESSIVE;
				CLANG_CXX_LANGUAGE_STANDARD = "gnu++14";
				CLANG_CXX_LIBRARY = "libc++";
				CLANG_ENABLE_MODULES = YES;
				CLANG_ENABLE_OBJC_ARC = YES;
				CLANG_ENABLE_OBJC_WEAK = YES;
				CLANG_WARN_BLOCK_CAPTURE_AUTORELEASING = YES;
				CLANG_WARN_BOOL_CONVERSION = YES;
				CLANG_WARN_COMMA = YES;
				CLANG_WARN_CONSTANT_CONVERSION = YES;
				CLANG_WARN_DEPRECATED_OBJC_IMPLEMENTATIONS = YES;
				CLANG_WARN_DIRECT_OBJC_ISA_USAGE = YES_ERROR;
				CLANG_WARN_DOCUMENTATION_COMMENTS = YES;
				CLANG_WARN_EMPTY_BODY = YES;
				CLANG_WARN_ENUM_CONVERSION = YES;
				CLANG_WARN_INFINITE_RECURSION = YES;
				CLANG_WARN_INT_CONVERSION = YES;
				CLANG_WARN_NON_LITERAL_NULL_CONVERSION = YES;
				CLANG_WARN_OBJC_IMPLICIT_RETAIN_SELF = YES;
				CLANG_WARN_OBJC_LITERAL_CONVERSION = YES;
				CLANG_WARN_OBJC_ROOT_CLASS = YES_ERROR;
				CLANG_WARN_RANGE_LOOP_ANALYSIS = YES;
				CLANG_WARN_STRICT_PROTOTYPES = YES;
				CLANG_WARN_SUSPICIOUS_MOVE = YES;
				CLANG_WARN_UNGUARDED_AVAILABILITY = YES_AGGRESSIVE;
				CLANG_WARN_UNREACHABLE_CODE = YES;
				CLANG_WARN__DUPLICATE_METHOD_MATCH = YES;
				CODE_SIGN_IDENTITY = "iPhone Developer";
				COPY_PHASE_STRIP = NO;
				DEBUG_INFORMATION_FORMAT = "dwarf-with-dsym";
				ENABLE_NS_ASSERTIONS = NO;
				ENABLE_STRICT_OBJC_MSGSEND = YES;
				GCC_C_LANGUAGE_STANDARD = gnu11;
				GCC_NO_COMMON_BLOCKS = YES;
				GCC_WARN_64_TO_32_BIT_CONVERSION = YES;
				GCC_WARN_ABOUT_RETURN_TYPE = YES_ERROR;
				GCC_WARN_UNDECLARED_SELECTOR = YES;
				GCC_WARN_UNINITIALIZED_AUTOS = YES_AGGRESSIVE;
				GCC_WARN_UNUSED_FUNCTION = YES;
				GCC_WARN_UNUSED_VARIABLE = YES;
				IPHONEOS_DEPLOYMENT_TARGET = 12.1;
				MTL_ENABLE_DEBUG_INFO = NO;
				MTL_FAST_MATH = YES;
				SDKROOT = iphoneos;
				SWIFT_COMPILATION_MODE = wholemodule;
				SWIFT_OPTIMIZATION_LEVEL = "-O";
				VALIDATE_PRODUCT = YES;
			};
			name = Release;
		};
		4061DB1021AEA22700B83814 /* Debug */ = {
			isa = XCBuildConfiguration;
			buildSettings = {
				ASSETCATALOG_COMPILER_APPICON_NAME = AppIcon;
				CODE_SIGN_STYLE = Automatic;
				DEVELOPMENT_TEAM = H595J5ZDS4;
				INFOPLIST_FILE = Watermelon/Info.plist;
				LD_RUNPATH_SEARCH_PATHS = (
					"$(inherited)",
					"@executable_path/Frameworks",
				);
				PRODUCT_BUNDLE_IDENTIFIER = Paul.Rouillard.Watermelon;
				PRODUCT_NAME = "$(TARGET_NAME)";
				SWIFT_VERSION = 4.2;
				TARGETED_DEVICE_FAMILY = "1,2";
			};
			name = Debug;
		};
		4061DB1121AEA22700B83814 /* Release */ = {
			isa = XCBuildConfiguration;
			buildSettings = {
				ASSETCATALOG_COMPILER_APPICON_NAME = AppIcon;
				CODE_SIGN_STYLE = Automatic;
				DEVELOPMENT_TEAM = H595J5ZDS4;
				INFOPLIST_FILE = Watermelon/Info.plist;
				LD_RUNPATH_SEARCH_PATHS = (
					"$(inherited)",
					"@executable_path/Frameworks",
				);
				PRODUCT_BUNDLE_IDENTIFIER = Paul.Rouillard.Watermelon;
				PRODUCT_NAME = "$(TARGET_NAME)";
				SWIFT_VERSION = 4.2;
				TARGETED_DEVICE_FAMILY = "1,2";
			};
			name = Release;
		};
		4061DB1321AEA22700B83814 /* Debug */ = {
			isa = XCBuildConfiguration;
			buildSettings = {
				ALWAYS_EMBED_SWIFT_STANDARD_LIBRARIES = YES;
				BUNDLE_LOADER = "$(TEST_HOST)";
				CODE_SIGN_STYLE = Automatic;
				DEVELOPMENT_TEAM = H595J5ZDS4;
				INFOPLIST_FILE = WatermelonTests/Info.plist;
				LD_RUNPATH_SEARCH_PATHS = (
					"$(inherited)",
					"@executable_path/Frameworks",
					"@loader_path/Frameworks",
				);
				PRODUCT_BUNDLE_IDENTIFIER = Paul.Rouillard.WatermelonTests;
				PRODUCT_NAME = "$(TARGET_NAME)";
				SWIFT_VERSION = 4.2;
				TARGETED_DEVICE_FAMILY = "1,2";
				TEST_HOST = "$(BUILT_PRODUCTS_DIR)/Watermelon.app/Watermelon";
			};
			name = Debug;
		};
		4061DB1421AEA22700B83814 /* Release */ = {
			isa = XCBuildConfiguration;
			buildSettings = {
				ALWAYS_EMBED_SWIFT_STANDARD_LIBRARIES = YES;
				BUNDLE_LOADER = "$(TEST_HOST)";
				CODE_SIGN_STYLE = Automatic;
				DEVELOPMENT_TEAM = H595J5ZDS4;
				INFOPLIST_FILE = WatermelonTests/Info.plist;
				LD_RUNPATH_SEARCH_PATHS = (
					"$(inherited)",
					"@executable_path/Frameworks",
					"@loader_path/Frameworks",
				);
				PRODUCT_BUNDLE_IDENTIFIER = Paul.Rouillard.WatermelonTests;
				PRODUCT_NAME = "$(TARGET_NAME)";
				SWIFT_VERSION = 4.2;
				TARGETED_DEVICE_FAMILY = "1,2";
				TEST_HOST = "$(BUILT_PRODUCTS_DIR)/Watermelon.app/Watermelon";
			};
			name = Release;
		};
		4061DB1621AEA22700B83814 /* Debug */ = {
			isa = XCBuildConfiguration;
			buildSettings = {
				ALWAYS_EMBED_SWIFT_STANDARD_LIBRARIES = YES;
				CODE_SIGN_STYLE = Automatic;
				DEVELOPMENT_TEAM = H595J5ZDS4;
				INFOPLIST_FILE = WatermelonUITests/Info.plist;
				LD_RUNPATH_SEARCH_PATHS = (
					"$(inherited)",
					"@executable_path/Frameworks",
					"@loader_path/Frameworks",
				);
				PRODUCT_BUNDLE_IDENTIFIER = Paul.Rouillard.WatermelonUITests;
				PRODUCT_NAME = "$(TARGET_NAME)";
				SWIFT_VERSION = 4.2;
				TARGETED_DEVICE_FAMILY = "1,2";
				TEST_TARGET_NAME = Watermelon;
			};
			name = Debug;
		};
		4061DB1721AEA22700B83814 /* Release */ = {
			isa = XCBuildConfiguration;
			buildSettings = {
				ALWAYS_EMBED_SWIFT_STANDARD_LIBRARIES = YES;
				CODE_SIGN_STYLE = Automatic;
				DEVELOPMENT_TEAM = H595J5ZDS4;
				INFOPLIST_FILE = WatermelonUITests/Info.plist;
				LD_RUNPATH_SEARCH_PATHS = (
					"$(inherited)",
					"@executable_path/Frameworks",
					"@loader_path/Frameworks",
				);
				PRODUCT_BUNDLE_IDENTIFIER = Paul.Rouillard.WatermelonUITests;
				PRODUCT_NAME = "$(TARGET_NAME)";
				SWIFT_VERSION = 4.2;
				TARGETED_DEVICE_FAMILY = "1,2";
				TEST_TARGET_NAME = Watermelon;
			};
			name = Release;
		};
/* End XCBuildConfiguration section */

/* Begin XCConfigurationList section */
		4061DAE221AEA22500B83814 /* Build configuration list for PBXProject "Watermelon" */ = {
			isa = XCConfigurationList;
			buildConfigurations = (
				4061DB0D21AEA22700B83814 /* Debug */,
				4061DB0E21AEA22700B83814 /* Release */,
			);
			defaultConfigurationIsVisible = 0;
			defaultConfigurationName = Release;
		};
		4061DB0F21AEA22700B83814 /* Build configuration list for PBXNativeTarget "Watermelon" */ = {
			isa = XCConfigurationList;
			buildConfigurations = (
				4061DB1021AEA22700B83814 /* Debug */,
				4061DB1121AEA22700B83814 /* Release */,
			);
			defaultConfigurationIsVisible = 0;
			defaultConfigurationName = Release;
		};
		4061DB1221AEA22700B83814 /* Build configuration list for PBXNativeTarget "WatermelonTests" */ = {
			isa = XCConfigurationList;
			buildConfigurations = (
				4061DB1321AEA22700B83814 /* Debug */,
				4061DB1421AEA22700B83814 /* Release */,
			);
			defaultConfigurationIsVisible = 0;
			defaultConfigurationName = Release;
		};
		4061DB1521AEA22700B83814 /* Build configuration list for PBXNativeTarget "WatermelonUITests" */ = {
			isa = XCConfigurationList;
			buildConfigurations = (
				4061DB1621AEA22700B83814 /* Debug */,
				4061DB1721AEA22700B83814 /* Release */,
			);
			defaultConfigurationIsVisible = 0;
			defaultConfigurationName = Release;
		};
/* End XCConfigurationList section */
	};
	rootObject = 4061DADF21AEA22500B83814 /* Project object */;
}
